# This file is automatically @generated by Cargo.
# It is not intended for manual editing.
version = 4

[[package]]
name = "edgerun-encoding"
version = "0.1.1"

[[package]]
name = "edgerun-protocols"
version = "0.1.1"
dependencies = [
 "edgerun-encoding",
]

[[package]]
name = "edgerun-sdk-unit-proxy-v1"
version = "0.1.1"
dependencies = [
 "edgerun-protocols",
 "edgerun-unit",
]

[[package]]
name = "edgerun-unit"
version = "0.1.1"
dependencies = [
 "edgerun-unit-macros",
]

[[package]]
name = "edgerun-unit-macros"
version = "0.1.1"
