# This file is automatically @generated by Cargo.
# It is not intended for manual editing.
version = 4

[[package]]
name = "adler2"
version = "2.0.1"

[[package]]
name = "bumpalo"
version = "3.20.2"
dependencies = [
 "serde",
]

[[package]]
name = "bytecheck"
version = "0.8.2"
dependencies = [
 "bytecheck_derive",
 "ptr_meta",
 "rancor",
]

[[package]]
name = "bytecheck_derive"
version = "0.8.2"
dependencies = [
 "proc-macro2",
 "quote",
 "syn",
]

[[package]]
name = "bytes"
version = "1.11.1"
dependencies = [
 "serde",
]

[[package]]
name = "cfg-if"
version = "1.0.4"

[[package]]
name = "combine"
version = "4.6.7"
dependencies = [
 "bytes",
 "memchr",
]

[[package]]
name = "displaydoc"
version = "0.2.5"
dependencies = [
 "proc-macro2",
 "quote",
 "syn",
]

[[package]]
name = "edgerun-anyhow"
version = "0.1.1"

[[package]]
name = "edgerun-assert-cmd"
version = "0.1.1"

[[package]]
name = "edgerun-assert-matches"
version = "0.1.1"

[[package]]
name = "edgerun-async-channel"
version = "0.1.1"
dependencies = [
 "edgerun-tokio",
]

[[package]]
name = "edgerun-async-trait"
version = "0.1.1"

[[package]]
name = "edgerun-bluetooth-gatt"
version = "0.1.1"
dependencies = [
 "edgerun-capabilities",
 "edgerun-encoding",
 "edgerun-linux-sysfs",
 "edgerun-protocols",
]

[[package]]
name = "edgerun-bytes"
version = "0.1.1"

[[package]]
name = "edgerun-capabilities"
version = "0.1.1"
dependencies = [
 "edgerun-crypto",
 "edgerun-protocols",
]

[[package]]
name = "edgerun-clipboard"
version = "0.1.1"

[[package]]
name = "edgerun-codelyzer"
version = "0.1.1"
dependencies = [
 "edgerun-crypto",
 "edgerun-json",
 "edgerun-log",
 "rkyv",
]

[[package]]
name = "edgerun-codex-utils-absolute-path"
version = "0.1.1"

[[package]]
name = "edgerun-codex-utils-cargo-bin"
version = "0.1.1"

[[package]]
name = "edgerun-compositor"
version = "0.1.1"
dependencies = [
 "edgerun-devices",
 "edgerun-evdev-input",
 "edgerun-protocols",
 "edgerun-ui-core",
]

[[package]]
name = "edgerun-core"
version = "0.1.1"
dependencies = [
 "edgerun-crypto",
 "edgerun-encoding",
 "edgerun-json",
 "edgerun-wire",
]

[[package]]
name = "edgerun-crypto"
version = "0.1.1"
dependencies = [
 "edgerun-encoding",
 "edgerun-json",
]

[[package]]
name = "edgerun-deno-core-icudata"
version = "0.1.1"

[[package]]
name = "edgerun-devices"
version = "0.1.1"
dependencies = [
 "edgerun-capabilities",
 "edgerun-protocols",
]

[[package]]
name = "edgerun-email"
version = "0.1.1"
dependencies = [
 "edgerun-encoding",
 "edgerun-log",
 "edgerun-node",
 "edgerun-protocols",
]

[[package]]
name = "edgerun-emoji"
version = "0.1.1"

[[package]]
name = "edgerun-encoding"
version = "0.1.1"
dependencies = [
 "edgerun-hpack",
]

[[package]]
name = "edgerun-error"
version = "0.1.1"
dependencies = [
 "edgerun-error-derive",
]

[[package]]
name = "edgerun-error-derive"
version = "0.1.1"

[[package]]
name = "edgerun-evdev-input"
version = "0.1.1"
dependencies = [
 "edgerun-capabilities",
 "edgerun-devices",
 "edgerun-encoding",
 "edgerun-linux-sysfs",
]

[[package]]
name = "edgerun-eventsource-stream"
version = "0.1.1"
dependencies = [
 "edgerun-futures",
]

[[package]]
name = "edgerun-exchange"
version = "0.1.1"
dependencies = [
 "edgerun-crypto",
 "edgerun-json",
 "edgerun-log",
 "edgerun-node",
 "edgerun-protocols",
 "edgerun-wallet",
]

[[package]]
name = "edgerun-exchange-api"
version = "0.1.1"
dependencies = [
 "edgerun-exchange",
 "edgerun-json",
 "edgerun-log",
 "edgerun-node",
 "edgerun-protocols",
 "edgerun-sdk",
 "edgerun-url",
 "edgerun-wallet",
]

[[package]]
name = "edgerun-fontdue"
version = "0.1.1"

[[package]]
name = "edgerun-futures"
version = "0.1.1"

[[package]]
name = "edgerun-hardware-signing"
version = "0.1.1"
dependencies = [
 "edgerun-crypto",
 "edgerun-devices",
 "edgerun-protocols",
 "edgerun-tpm",
 "edgerun-yubikey",
 "jni",
]

[[package]]
name = "edgerun-hpack"
version = "0.1.1"
dependencies = [
 "edgerun-log",
]

[[package]]
name = "edgerun-http"
version = "0.1.1"

[[package]]
name = "edgerun-http-client"
version = "0.1.1"
dependencies = [
 "edgerun-crypto",
 "edgerun-encoding",
 "edgerun-hpack",
 "edgerun-log",
 "edgerun-platform",
 "edgerun-protocols",
 "edgerun-runtime",
]

[[package]]
name = "edgerun-icu-decimal"
version = "0.1.1"
dependencies = [
 "icu_decimal",
]

[[package]]
name = "edgerun-icu-locale-core"
version = "0.1.1"
dependencies = [
 "icu_locale_core",
]

[[package]]
name = "edgerun-icu-provider"
version = "0.1.1"
dependencies = [
 "icu_provider",
]

[[package]]
name = "edgerun-inventory"
version = "0.1.1"

[[package]]
name = "edgerun-json"
version = "0.1.1"
dependencies = [
 "edgerun-json-derive",
 "edgerun-schemars",
 "edgerun-serde",
 "edgerun-ts-rs",
]

[[package]]
name = "edgerun-json-derive"
version = "0.1.1"

[[package]]
name = "edgerun-landlock"
version = "0.1.1"

[[package]]
name = "edgerun-linux-netif"
version = "0.1.1"
dependencies = [
 "edgerun-capabilities",
 "edgerun-devices",
 "edgerun-linux-sysfs",
]

[[package]]
name = "edgerun-linux-pci"
version = "0.1.1"
dependencies = [
 "edgerun-capabilities",
 "edgerun-devices",
 "edgerun-linux-sysfs",
]

[[package]]
name = "edgerun-linux-sysfs"
version = "0.1.1"
dependencies = [
 "edgerun-encoding",
]

[[package]]
name = "edgerun-linux-usb"
version = "0.1.1"
dependencies = [
 "edgerun-capabilities",
 "edgerun-devices",
 "edgerun-linux-sysfs",
]

[[package]]
name = "edgerun-linux-wifi"
version = "0.1.1"
dependencies = [
 "edgerun-capabilities",
 "edgerun-crypto",
 "edgerun-devices",
 "edgerun-encoding",
 "edgerun-linux-netif",
 "edgerun-linux-sysfs",
 "edgerun-log",
]

[[package]]
name = "edgerun-locale"
version = "0.1.1"

[[package]]
name = "edgerun-log"
version = "0.1.1"
dependencies = [
 "edgerun-log-macros",
]

[[package]]
name = "edgerun-log-macros"
version = "0.1.1"

[[package]]
name = "edgerun-machine-report"
version = "0.1.1"
dependencies = [
 "edgerun-devices",
 "edgerun-encoding",
 "edgerun-linux-netif",
 "edgerun-linux-pci",
 "edgerun-linux-usb",
 "edgerun-linux-wifi",
]

[[package]]
name = "edgerun-mesh"
version = "0.1.1"
dependencies = [
 "edgerun-crypto",
 "edgerun-hardware-signing",
 "edgerun-json",
 "edgerun-protocols",
]

[[package]]
name = "edgerun-network-driver"
version = "0.1.1"
dependencies = [
 "edgerun-virtio",
]

[[package]]
name = "edgerun-node"
version = "0.1.1"
dependencies = [
 "edgerun-capabilities",
 "edgerun-codelyzer",
 "edgerun-crypto",
 "edgerun-devices",
 "edgerun-encoding",
 "edgerun-evdev-input",
 "edgerun-hardware-signing",
 "edgerun-hpack",
 "edgerun-json",
 "edgerun-linux-netif",
 "edgerun-linux-pci",
 "edgerun-linux-sysfs",
 "edgerun-linux-usb",
 "edgerun-linux-wifi",
 "edgerun-log",
 "edgerun-machine-report",
 "edgerun-mesh",
 "edgerun-platform",
 "edgerun-protocols",
 "edgerun-remote-capability",
 "edgerun-sdk",
 "edgerun-storage",
 "edgerun-tpm",
 "edgerun-url",
 "edgerun-virtual-disk",
 "edgerun-work",
 "edgerun-yubikey",
 "rkyv",
]

[[package]]
name = "edgerun-oauth"
version = "0.1.1"
dependencies = [
 "edgerun-crypto",
 "edgerun-encoding",
 "edgerun-json",
 "edgerun-log",
 "edgerun-node",
 "edgerun-protocols",
 "edgerun-secret-service",
]

[[package]]
name = "edgerun-oci"
version = "0.1.1"
dependencies = [
 "edgerun-crypto",
 "edgerun-encoding",
 "edgerun-json",
 "edgerun-node",
 "edgerun-protocols",
 "edgerun-secret-service",
 "edgerun-storage",
 "miniz_oxide",
]

[[package]]
name = "edgerun-opentelemetry"
version = "0.1.1"
dependencies = [
 "opentelemetry",
]

[[package]]
name = "edgerun-opentelemetry-sdk"
version = "0.1.1"
dependencies = [
 "opentelemetry_sdk",
]

[[package]]
name = "edgerun-platform"
version = "0.1.0"
dependencies = [
 "edgerun-protocols",
]

[[package]]
name = "edgerun-pretty-assertions"
version = "0.1.1"

[[package]]
name = "edgerun-protocols"
version = "0.1.1"
dependencies = [
 "edgerun-core",
 "edgerun-crypto",
 "edgerun-encoding",
 "edgerun-hpack",
 "edgerun-json",
 "edgerun-url",
 "edgerun-wire",
 "miniz_oxide",
]

[[package]]
name = "edgerun-pty"
version = "0.1.1"

[[package]]
name = "edgerun-random"
version = "0.1.1"

[[package]]
name = "edgerun-remote-capability"
version = "0.1.1"
dependencies = [
 "edgerun-capabilities",
 "edgerun-crypto",
 "edgerun-devices",
 "edgerun-encoding",
 "edgerun-hardware-signing",
 "edgerun-protocols",
]

[[package]]
name = "edgerun-reqwest"
version = "0.1.1"
dependencies = [
 "edgerun-bytes",
 "edgerun-encoding",
 "edgerun-futures",
 "edgerun-http",
 "edgerun-http-client",
 "edgerun-json",
 "edgerun-url",
]

[[package]]
name = "edgerun-rmcp"
version = "0.1.1"
dependencies = [
 "edgerun-json",
 "edgerun-serde",
]

[[package]]
name = "edgerun-runtime"
version = "0.1.1"
dependencies = [
 "edgerun-log",
 "edgerun-platform",
 "edgerun-protocols",
]

[[package]]
name = "edgerun-schemars"
version = "0.1.1"
dependencies = [
 "edgerun-schemars-derive",
]

[[package]]
name = "edgerun-schemars-derive"
version = "0.1.1"

[[package]]
name = "edgerun-sdk"
version = "0.1.1"
dependencies = [
 "edgerun-crypto",
 "edgerun-encoding",
 "edgerun-json",
 "edgerun-machine-report",
 "edgerun-protocols",
 "edgerun-wire",
]

[[package]]
name = "edgerun-seccompiler"
version = "0.1.1"

[[package]]
name = "edgerun-secret-service"
version = "0.1.1"
dependencies = [
 "edgerun-devices",
 "edgerun-encoding",
 "edgerun-json",
 "edgerun-log",
 "edgerun-node",
 "edgerun-protocols",
 "edgerun-storage",
]

[[package]]
name = "edgerun-serde"
version = "0.1.1"
dependencies = [
 "serde",
]

[[package]]
name = "edgerun-shlex"
version = "0.1.1"

[[package]]
name = "edgerun-similar"
version = "0.1.1"

[[package]]
name = "edgerun-sixel"
version = "0.1.1"

[[package]]
name = "edgerun-storage"
version = "0.1.1"
dependencies = [
 "edgerun-crypto",
 "edgerun-encoding",
 "edgerun-log",
 "edgerun-protocols",
 "edgerun-virtual-disk",
]

[[package]]
name = "edgerun-strum"
version = "0.1.1"

[[package]]
name = "edgerun-strum-macros"
version = "0.1.1"

[[package]]
name = "edgerun-subtle"
version = "0.1.1"

[[package]]
name = "edgerun-tcl-ac"
version = "0.1.1"
dependencies = [
 "edgerun-bluetooth-gatt",
 "edgerun-capabilities",
 "edgerun-crypto",
 "edgerun-protocols",
]

[[package]]
name = "edgerun-tempfile"
version = "0.1.1"
dependencies = [
 "edgerun-random",
]

[[package]]
name = "edgerun-term-core"
version = "0.1.0"
dependencies = [
 "edgerun-emoji",
 "edgerun-encoding",
 "edgerun-error",
 "edgerun-log",
 "edgerun-sixel",
 "edgerun-terminal-parser",
 "edgerun-unicode",
]

[[package]]
name = "edgerun-terminal-parser"
version = "0.1.1"

[[package]]
name = "edgerun-time"
version = "0.1.1"
dependencies = [
 "edgerun-encoding",
]

[[package]]
name = "edgerun-tokio"
version = "0.1.1"
dependencies = [
 "edgerun-futures",
 "edgerun-runtime",
 "edgerun-tokio-macros",
]

[[package]]
name = "edgerun-tokio-macros"
version = "0.1.1"

[[package]]
name = "edgerun-tokio-test"
version = "0.1.1"

[[package]]
name = "edgerun-tokio-tungstenite"
version = "0.1.1"
dependencies = [
 "edgerun-futures",
 "edgerun-tokio",
 "edgerun-tungstenite",
]

[[package]]
name = "edgerun-tokio-util"
version = "0.1.1"
dependencies = [
 "edgerun-bytes",
 "edgerun-futures",
 "edgerun-tokio",
]

[[package]]
name = "edgerun-tpm"
version = "0.1.1"
dependencies = [
 "edgerun-crypto",
 "edgerun-encoding",
]

[[package]]
name = "edgerun-tracing-opentelemetry"
version = "0.1.1"
dependencies = [
 "tracing-opentelemetry",
]

[[package]]
name = "edgerun-ts-rs"
version = "0.1.1"
dependencies = [
 "edgerun-error",
 "edgerun-ts-rs-derive",
]

[[package]]
name = "edgerun-ts-rs-derive"
version = "0.1.1"

[[package]]
name = "edgerun-tungstenite"
version = "0.1.1"
dependencies = [
 "edgerun-bytes",
 "edgerun-crypto",
 "edgerun-encoding",
 "edgerun-http",
 "edgerun-random",
]

[[package]]
name = "edgerun-tuya"
version = "0.1.1"
dependencies = [
 "edgerun-capabilities",
 "edgerun-crypto",
 "edgerun-json",
 "edgerun-node",
 "edgerun-protocols",
]

[[package]]
name = "edgerun-ui-core"
version = "0.1.1"
dependencies = [
 "edgerun-fontdue",
]

[[package]]
name = "edgerun-unicode"
version = "0.1.1"

[[package]]
name = "edgerun-unit"
version = "0.1.1"
dependencies = [
 "edgerun-unit-macros",
]

[[package]]
name = "edgerun-unit-macros"
version = "0.1.1"

[[package]]
name = "edgerun-url"
version = "0.1.1"
dependencies = [
 "edgerun-json",
]

[[package]]
name = "edgerun-virtio"
version = "0.1.0"
dependencies = [
 "edgerun-platform",
]

[[package]]
name = "edgerun-virtual-disk"
version = "0.1.1"
dependencies = [
 "edgerun-crypto",
 "edgerun-encoding",
 "edgerun-protocols",
]

[[package]]
name = "edgerun-wallet"
version = "0.1.1"
dependencies = [
 "edgerun-crypto",
 "edgerun-json",
 "edgerun-log",
 "edgerun-protocols",
]

[[package]]
name = "edgerun-wire"
version = "0.1.1"
dependencies = [
 "edgerun-crypto",
 "rkyv",
]

[[package]]
name = "edgerun-wiremock"
version = "0.1.1"
dependencies = [
 "edgerun-http",
 "edgerun-json",
 "edgerun-serde",
]

[[package]]
name = "edgerun-work"
version = "0.1.1"
dependencies = [
 "edgerun-crypto",
 "edgerun-protocols",
 "edgerun-virtual-disk",
 "edgerun-wire",
 "rkyv",
]

[[package]]
name = "edgerun-yubikey"
version = "0.1.1"
dependencies = [
 "edgerun-encoding",
 "edgerun-linux-sysfs",
 "edgerun-protocols",
]

[[package]]
name = "edgerun-zeroize"
version = "0.1.1"

[[package]]
name = "edgerun-zstd"
version = "0.1.1"

[[package]]
name = "fixed_decimal"
version = "0.7.2"
dependencies = [
 "displaydoc",
 "smallvec",
 "writeable",
]

[[package]]
name = "futures-channel"
version = "0.3.32"
dependencies = [
 "futures-core",
 "futures-sink",
]

[[package]]
name = "futures-core"
version = "0.3.32"

[[package]]
name = "futures-executor"
version = "0.3.32"
dependencies = [
 "futures-core",
 "futures-task",
 "futures-util",
]

[[package]]
name = "futures-macro"
version = "0.3.32"
dependencies = [
 "proc-macro2",
 "quote",
 "syn",
]

[[package]]
name = "futures-sink"
version = "0.3.32"

[[package]]
name = "futures-task"
version = "0.3.32"

[[package]]
name = "futures-util"
version = "0.3.32"
dependencies = [
 "futures-channel",
 "futures-core",
 "futures-macro",
 "futures-sink",
 "futures-task",
 "pin-project-lite",
 "slab",
]

[[package]]
name = "hashbrown"
version = "0.17.1"

[[package]]
name = "icu_collections"
version = "2.1.1"
dependencies = [
 "displaydoc",
 "potential_utf",
 "serde",
 "yoke",
 "zerofrom",
 "zerovec",
]

[[package]]
name = "icu_decimal"
version = "2.1.1"
dependencies = [
 "fixed_decimal",
 "icu_decimal_data",
 "icu_locale",
 "icu_locale_core",
 "icu_provider",
 "serde",
 "writeable",
 "zerovec",
]

[[package]]
name = "icu_decimal_data"
version = "2.1.1"

[[package]]
name = "icu_locale"
version = "2.1.1"
dependencies = [
 "icu_collections",
 "icu_locale_core",
 "icu_locale_data",
 "icu_provider",
 "potential_utf",
 "serde",
 "tinystr",
 "writeable",
 "zerovec",
]

[[package]]
name = "icu_locale_core"
version = "2.1.1"
dependencies = [
 "displaydoc",
 "edgerun-json",
 "litemap",
 "serde",
 "tinystr",
 "writeable",
 "zerovec",
]

[[package]]
name = "icu_locale_data"
version = "2.1.2"

[[package]]
name = "icu_provider"
version = "2.1.1"
dependencies = [
 "displaydoc",
 "edgerun-json",
 "icu_locale_core",
 "log",
 "serde",
 "stable_deref_trait",
 "writeable",
 "yoke",
 "zerofrom",
 "zerotrie",
 "zerovec",
]

[[package]]
name = "itoa"
version = "1.0.18"

[[package]]
name = "jni"
version = "0.22.4"
dependencies = [
 "cfg-if",
 "combine",
 "edgerun-assert-matches",
 "jni-macros",
 "jni-sys",
 "log",
 "simd_cesu8",
 "thiserror",
 "walkdir",
]

[[package]]
name = "jni-macros"
version = "0.22.4"
dependencies = [
 "proc-macro2",
 "quote",
 "simd_cesu8",
 "syn",
]

[[package]]
name = "jni-sys"
version = "0.4.1"
dependencies = [
 "jni-sys-macros",
]

[[package]]
name = "jni-sys-macros"
version = "0.4.1"
dependencies = [
 "quote",
 "syn",
]

[[package]]
name = "js-sys"
version = "0.3.98"
dependencies = [
 "cfg-if",
 "futures-core",
 "futures-util",
 "once_cell",
 "wasm-bindgen",
]

[[package]]
name = "lazy_static"
version = "1.5.0"

[[package]]
name = "litemap"
version = "0.8.2"
dependencies = [
 "edgerun-json",
 "serde_core",
 "yoke",
]

[[package]]
name = "log"
version = "0.4.29"
dependencies = [
 "serde_core",
]

[[package]]
name = "memchr"
version = "2.8.0"
dependencies = [
 "log",
]

[[package]]
name = "miniz_oxide"
version = "0.8.9"
dependencies = [
 "adler2",
 "serde",
]

[[package]]
name = "munge"
version = "0.4.7"
dependencies = [
 "munge_macro",
]

[[package]]
name = "munge_macro"
version = "0.4.7"
dependencies = [
 "proc-macro2",
 "quote",
 "syn",
]

[[package]]
name = "once_cell"
version = "1.21.4"

[[package]]
name = "opentelemetry"
version = "0.31.0"
dependencies = [
 "futures-core",
 "futures-sink",
 "js-sys",
 "pin-project-lite",
 "thiserror",
 "tracing",
]

[[package]]
name = "opentelemetry_sdk"
version = "0.31.0"
dependencies = [
 "edgerun-crypto",
 "edgerun-json",
 "futures-channel",
 "futures-executor",
 "futures-util",
 "opentelemetry",
 "percent-encoding",
 "thiserror",
]

[[package]]
name = "percent-encoding"
version = "2.3.2"

[[package]]
name = "pin-project-lite"
version = "0.2.17"

[[package]]
name = "potential_utf"
version = "0.1.5"
dependencies = [
 "serde_core",
 "writeable",
 "zerovec",
]

[[package]]
name = "ppv-lite86"
version = "0.2.21"
dependencies = [
 "zerocopy",
]

[[package]]
name = "proc-macro2"
version = "1.0.106"
dependencies = [
 "unicode-ident",
]

[[package]]
name = "ptr_meta"
version = "0.3.1"
dependencies = [
 "ptr_meta_derive",
]

[[package]]
name = "ptr_meta_derive"
version = "0.3.1"
dependencies = [
 "proc-macro2",
 "quote",
 "syn",
]

[[package]]
name = "quote"
version = "1.0.45"
dependencies = [
 "proc-macro2",
]

[[package]]
name = "rancor"
version = "0.1.1"
dependencies = [
 "ptr_meta",
]

[[package]]
name = "rend"
version = "0.5.3"
dependencies = [
 "bytecheck",
]

[[package]]
name = "rkyv"
version = "0.8.16"
dependencies = [
 "bytecheck",
 "hashbrown",
 "munge",
 "ptr_meta",
 "rancor",
 "rend",
 "rkyv_derive",
 "tinyvec",
]

[[package]]
name = "rkyv_derive"
version = "0.8.16"
dependencies = [
 "proc-macro2",
 "quote",
 "syn",
]

[[package]]
name = "rustversion"
version = "1.0.22"

[[package]]
name = "same-file"
version = "1.0.6"

[[package]]
name = "serde"
version = "1.0.228"
dependencies = [
 "serde_core",
 "serde_derive",
]

[[package]]
name = "serde_core"
version = "1.0.228"
dependencies = [
 "serde_derive",
]

[[package]]
name = "serde_derive"
version = "1.0.228"
dependencies = [
 "proc-macro2",
 "quote",
 "syn",
]

[[package]]
name = "sharded-slab"
version = "0.1.7"
dependencies = [
 "lazy_static",
]

[[package]]
name = "simd_cesu8"
version = "1.1.1"
dependencies = [
 "simdutf8",
]

[[package]]
name = "simdutf8"
version = "0.1.5"

[[package]]
name = "slab"
version = "0.4.12"

[[package]]
name = "smallvec"
version = "1.15.1"

[[package]]
name = "stable_deref_trait"
version = "1.2.1"

[[package]]
name = "syn"
version = "2.0.117"
dependencies = [
 "proc-macro2",
 "quote",
 "unicode-ident",
]

[[package]]
name = "synstructure"
version = "0.13.2"
dependencies = [
 "proc-macro2",
 "quote",
 "syn",
]

[[package]]
name = "thiserror"
version = "2.0.18"
dependencies = [
 "thiserror-impl",
]

[[package]]
name = "thiserror-impl"
version = "2.0.18"
dependencies = [
 "proc-macro2",
 "quote",
 "syn",
]

[[package]]
name = "thread_local"
version = "1.1.9"
dependencies = [
 "cfg-if",
]

[[package]]
name = "tinystr"
version = "0.8.3"
dependencies = [
 "displaydoc",
 "serde_core",
 "zerovec",
]

[[package]]
name = "tinyvec"
version = "1.11.0"
dependencies = [
 "tinyvec_macros",
]

[[package]]
name = "tinyvec_macros"
version = "0.1.1"

[[package]]
name = "tracing"
version = "0.1.44"
dependencies = [
 "log",
 "pin-project-lite",
 "tracing-attributes",
 "tracing-core",
]

[[package]]
name = "tracing-attributes"
version = "0.1.31"
dependencies = [
 "proc-macro2",
 "quote",
 "syn",
]

[[package]]
name = "tracing-core"
version = "0.1.36"
dependencies = [
 "once_cell",
 "valuable",
]

[[package]]
name = "tracing-log"
version = "0.2.0"
dependencies = [
 "log",
 "once_cell",
 "tracing-core",
]

[[package]]
name = "tracing-opentelemetry"
version = "0.32.1"
dependencies = [
 "js-sys",
 "lazy_static",
 "opentelemetry",
 "smallvec",
 "tracing",
 "tracing-core",
 "tracing-log",
 "tracing-subscriber",
 "web-time",
]

[[package]]
name = "tracing-subscriber"
version = "0.3.23"
dependencies = [
 "edgerun-json",
 "sharded-slab",
 "thread_local",
 "tracing",
 "tracing-core",
]

[[package]]
name = "unicode-ident"
version = "1.0.24"

[[package]]
name = "valuable"
version = "0.1.1"

[[package]]
name = "walkdir"
version = "2.5.0"
dependencies = [
 "same-file",
]

[[package]]
name = "wasm-bindgen"
version = "0.2.121"
dependencies = [
 "cfg-if",
 "edgerun-json",
 "once_cell",
 "rustversion",
 "serde",
 "wasm-bindgen-macro",
 "wasm-bindgen-shared",
]

[[package]]
name = "wasm-bindgen-macro"
version = "0.2.121"
dependencies = [
 "quote",
 "wasm-bindgen-macro-support",
]

[[package]]
name = "wasm-bindgen-macro-support"
version = "0.2.121"
dependencies = [
 "bumpalo",
 "proc-macro2",
 "quote",
 "syn",
 "wasm-bindgen-shared",
]

[[package]]
name = "wasm-bindgen-shared"
version = "0.2.121"
dependencies = [
 "unicode-ident",
]

[[package]]
name = "web-time"
version = "1.1.0"
dependencies = [
 "js-sys",
 "serde",
 "wasm-bindgen",
]

[[package]]
name = "writeable"
version = "0.6.3"

[[package]]
name = "yoke"
version = "0.8.2"
dependencies = [
 "stable_deref_trait",
 "yoke-derive",
 "zerofrom",
]

[[package]]
name = "yoke-derive"
version = "0.8.2"
dependencies = [
 "proc-macro2",
 "quote",
 "syn",
 "synstructure",
]

[[package]]
name = "zerocopy"
version = "0.8.48"
dependencies = [
 "zerocopy-derive",
]

[[package]]
name = "zerocopy-derive"
version = "0.8.48"
dependencies = [
 "proc-macro2",
 "quote",
 "syn",
]

[[package]]
name = "zerofrom"
version = "0.1.8"
dependencies = [
 "zerofrom-derive",
]

[[package]]
name = "zerofrom-derive"
version = "0.1.7"
dependencies = [
 "proc-macro2",
 "quote",
 "syn",
 "synstructure",
]

[[package]]
name = "zerotrie"
version = "0.2.4"
dependencies = [
 "displaydoc",
 "edgerun-json",
 "litemap",
 "serde_core",
 "yoke",
 "zerofrom",
 "zerovec",
]

[[package]]
name = "zerovec"
version = "0.11.6"
dependencies = [
 "edgerun-json",
 "serde",
 "yoke",
 "zerofrom",
 "zerovec-derive",
]

[[package]]
name = "zerovec-derive"
version = "0.11.3"
dependencies = [
 "proc-macro2",
 "quote",
 "syn",
]

[[package]]
name = "zmij"
version = "1.0.21"
