# This file is automatically @generated by Cargo.
# It is not intended for manual editing.
version = 4

[[package]]
name = "adler2"
version = "2.0.1"
source = "registry+https://github.com/rust-lang/crates.io-index"
checksum = "320119579fcad9c21884f5c4861d16174d0e06250625266f50fe6898340abefa"

[[package]]
name = "bumpalo"
version = "3.20.2"
source = "registry+https://github.com/rust-lang/crates.io-index"
checksum = "5d20789868f4b01b2f2caec9f5c4e0213b41e3e5702a50157d699ae31ced2fcb"

[[package]]
name = "bytecheck"
version = "0.8.2"
dependencies = [
 "bytecheck_derive",
 "ptr_meta",
 "rancor",
]

[[package]]
name = "bytecheck_derive"
version = "0.8.2"
dependencies = [
 "proc-macro2",
 "quote",
 "syn",
]

[[package]]
name = "bytes"
version = "1.11.1"
source = "registry+https://github.com/rust-lang/crates.io-index"
checksum = "1e748733b7cbc798e1434b6ac524f0c1ff2ab456fe201501e6497c8417a4fc33"

[[package]]
name = "cfg-if"
version = "1.0.4"
source = "registry+https://github.com/rust-lang/crates.io-index"
checksum = "9330f8b2ff13f34540b44e946ef35111825727b38d33286ef986142615121801"

[[package]]
name = "combine"
version = "4.6.7"
source = "registry+https://github.com/rust-lang/crates.io-index"
checksum = "ba5a308b75df32fe02788e748662718f03fde005016435c444eea572398219fd"
dependencies = [
 "bytes",
 "memchr",
]

[[package]]
name = "deno_core_icudata"
version = "0.77.0"
source = "registry+https://github.com/rust-lang/crates.io-index"
checksum = "a9efff8990a82c1ae664292507e1a5c6749ddd2312898cdf9cd7cb1fd4bc64c6"

[[package]]
name = "displaydoc"
version = "0.2.5"
source = "registry+https://github.com/rust-lang/crates.io-index"
checksum = "97369cbbc041bc366949bc74d34658d6cda5621039731c6310521892a3a20ae0"
dependencies = [
 "proc-macro2",
 "quote",
 "syn",
]

[[package]]
name = "edgerun-anyhow"
version = "0.1.1"

[[package]]
name = "edgerun-assert-cmd"
version = "0.1.1"

[[package]]
name = "edgerun-assert-matches"
version = "0.1.1"

[[package]]
name = "edgerun-async-channel"
version = "0.1.1"
dependencies = [
 "edgerun-tokio",
]

[[package]]
name = "edgerun-async-trait"
version = "0.1.1"

[[package]]
name = "edgerun-bluetooth-gatt"
version = "0.1.1"
dependencies = [
 "edgerun-capabilities",
 "edgerun-encoding",
 "edgerun-linux-sysfs",
 "edgerun-protocols",
]

[[package]]
name = "edgerun-bytes"
version = "0.1.1"

[[package]]
name = "edgerun-capabilities"
version = "0.1.1"
dependencies = [
 "edgerun-crypto",
 "edgerun-protocols",
]

[[package]]
name = "edgerun-clipboard"
version = "0.1.1"

[[package]]
name = "edgerun-codelyzer"
version = "0.1.1"
dependencies = [
 "edgerun-crypto",
 "edgerun-json",
 "edgerun-log",
 "rkyv",
]

[[package]]
name = "edgerun-codex-utils-absolute-path"
version = "0.1.1"

[[package]]
name = "edgerun-codex-utils-cargo-bin"
version = "0.1.1"

[[package]]
name = "edgerun-compositor"
version = "0.1.1"
dependencies = [
 "edgerun-devices",
 "edgerun-evdev-input",
 "edgerun-protocols",
 "edgerun-ui-core",
]

[[package]]
name = "edgerun-core"
version = "0.1.1"
dependencies = [
 "edgerun-crypto",
 "edgerun-encoding",
 "edgerun-json",
 "edgerun-wire",
]

[[package]]
name = "edgerun-crypto"
version = "0.1.1"
dependencies = [
 "edgerun-encoding",
]

[[package]]
name = "edgerun-deno-core-icudata"
version = "0.1.1"
dependencies = [
 "deno_core_icudata",
]

[[package]]
name = "edgerun-devices"
version = "0.1.1"
dependencies = [
 "edgerun-capabilities",
 "edgerun-protocols",
]

[[package]]
name = "edgerun-email"
version = "0.1.1"
dependencies = [
 "edgerun-encoding",
 "edgerun-log",
 "edgerun-node",
 "edgerun-protocols",
]

[[package]]
name = "edgerun-emoji"
version = "0.1.1"

[[package]]
name = "edgerun-encoding"
version = "0.1.1"
dependencies = [
 "edgerun-hpack",
]

[[package]]
name = "edgerun-error"
version = "0.1.1"
dependencies = [
 "edgerun-error-derive",
]

[[package]]
name = "edgerun-error-derive"
version = "0.1.1"

[[package]]
name = "edgerun-evdev-input"
version = "0.1.1"
dependencies = [
 "edgerun-capabilities",
 "edgerun-devices",
 "edgerun-encoding",
 "edgerun-linux-sysfs",
]

[[package]]
name = "edgerun-eventsource-stream"
version = "0.1.1"
dependencies = [
 "edgerun-futures",
]

[[package]]
name = "edgerun-exchange"
version = "0.1.1"
dependencies = [
 "edgerun-crypto",
 "edgerun-json",
 "edgerun-log",
 "edgerun-node",
 "edgerun-protocols",
 "edgerun-wallet",
]

[[package]]
name = "edgerun-exchange-api"
version = "0.1.1"
dependencies = [
 "edgerun-exchange",
 "edgerun-json",
 "edgerun-log",
 "edgerun-node",
 "edgerun-protocols",
 "edgerun-sdk",
 "edgerun-url",
 "edgerun-wallet",
]

[[package]]
name = "edgerun-fontdue"
version = "0.1.1"

[[package]]
name = "edgerun-futures"
version = "0.1.1"

[[package]]
name = "edgerun-hardware-signing"
version = "0.1.1"
dependencies = [
 "edgerun-crypto",
 "edgerun-devices",
 "edgerun-protocols",
 "edgerun-tpm",
 "edgerun-yubikey",
 "jni",
 "ndk-context",
]

[[package]]
name = "edgerun-hpack"
version = "0.1.1"
dependencies = [
 "edgerun-log",
]

[[package]]
name = "edgerun-http"
version = "0.1.1"

[[package]]
name = "edgerun-http-client"
version = "0.1.1"
dependencies = [
 "edgerun-crypto",
 "edgerun-encoding",
 "edgerun-hpack",
 "edgerun-log",
 "edgerun-platform",
 "edgerun-protocols",
 "edgerun-runtime",
]

[[package]]
name = "edgerun-icu-decimal"
version = "0.1.1"
dependencies = [
 "icu_decimal",
]

[[package]]
name = "edgerun-icu-locale-core"
version = "0.1.1"
dependencies = [
 "icu_locale_core",
]

[[package]]
name = "edgerun-icu-provider"
version = "0.1.1"
dependencies = [
 "icu_provider",
]

[[package]]
name = "edgerun-inventory"
version = "0.1.1"

[[package]]
name = "edgerun-json"
version = "0.1.1"
dependencies = [
 "edgerun-json-derive",
 "edgerun-schemars",
 "edgerun-serde",
 "edgerun-ts-rs",
]

[[package]]
name = "edgerun-json-derive"
version = "0.1.1"

[[package]]
name = "edgerun-landlock"
version = "0.1.1"

[[package]]
name = "edgerun-linux-netif"
version = "0.1.1"
dependencies = [
 "edgerun-capabilities",
 "edgerun-devices",
 "edgerun-linux-sysfs",
]

[[package]]
name = "edgerun-linux-pci"
version = "0.1.1"
dependencies = [
 "edgerun-capabilities",
 "edgerun-devices",
 "edgerun-linux-sysfs",
]

[[package]]
name = "edgerun-linux-sysfs"
version = "0.1.1"
dependencies = [
 "edgerun-encoding",
]

[[package]]
name = "edgerun-linux-usb"
version = "0.1.1"
dependencies = [
 "edgerun-capabilities",
 "edgerun-devices",
 "edgerun-linux-sysfs",
]

[[package]]
name = "edgerun-linux-wifi"
version = "0.1.1"
dependencies = [
 "edgerun-capabilities",
 "edgerun-crypto",
 "edgerun-devices",
 "edgerun-encoding",
 "edgerun-linux-netif",
 "edgerun-linux-sysfs",
 "edgerun-log",
]

[[package]]
name = "edgerun-locale"
version = "0.1.1"

[[package]]
name = "edgerun-log"
version = "0.1.1"
dependencies = [
 "edgerun-log-macros",
]

[[package]]
name = "edgerun-log-macros"
version = "0.1.1"

[[package]]
name = "edgerun-machine-report"
version = "0.1.1"
dependencies = [
 "edgerun-devices",
 "edgerun-encoding",
 "edgerun-linux-netif",
 "edgerun-linux-pci",
 "edgerun-linux-usb",
 "edgerun-linux-wifi",
]

[[package]]
name = "edgerun-mesh"
version = "0.1.1"
dependencies = [
 "edgerun-crypto",
 "edgerun-hardware-signing",
 "edgerun-json",
 "edgerun-protocols",
]

[[package]]
name = "edgerun-network-driver"
version = "0.1.1"
dependencies = [
 "edgerun-virtio",
 "libc",
]

[[package]]
name = "edgerun-node"
version = "0.1.1"
dependencies = [
 "edgerun-capabilities",
 "edgerun-codelyzer",
 "edgerun-crypto",
 "edgerun-devices",
 "edgerun-encoding",
 "edgerun-evdev-input",
 "edgerun-hardware-signing",
 "edgerun-hpack",
 "edgerun-json",
 "edgerun-linux-netif",
 "edgerun-linux-pci",
 "edgerun-linux-sysfs",
 "edgerun-linux-usb",
 "edgerun-linux-wifi",
 "edgerun-log",
 "edgerun-machine-report",
 "edgerun-mesh",
 "edgerun-platform",
 "edgerun-protocols",
 "edgerun-remote-capability",
 "edgerun-sdk",
 "edgerun-storage",
 "edgerun-tpm",
 "edgerun-url",
 "edgerun-virtual-disk",
 "edgerun-work",
 "edgerun-yubikey",
 "rkyv",
]

[[package]]
name = "edgerun-oauth"
version = "0.1.1"
dependencies = [
 "edgerun-crypto",
 "edgerun-encoding",
 "edgerun-json",
 "edgerun-log",
 "edgerun-node",
 "edgerun-protocols",
 "edgerun-secret-service",
]

[[package]]
name = "edgerun-oci"
version = "0.1.1"
dependencies = [
 "edgerun-crypto",
 "edgerun-encoding",
 "edgerun-json",
 "edgerun-node",
 "edgerun-protocols",
 "edgerun-secret-service",
 "edgerun-storage",
 "miniz_oxide",
]

[[package]]
name = "edgerun-opentelemetry"
version = "0.1.1"
dependencies = [
 "opentelemetry",
]

[[package]]
name = "edgerun-opentelemetry-sdk"
version = "0.1.1"
dependencies = [
 "opentelemetry_sdk",
]

[[package]]
name = "edgerun-platform"
version = "0.1.0"
dependencies = [
 "edgerun-protocols",
]

[[package]]
name = "edgerun-pretty-assertions"
version = "0.1.1"

[[package]]
name = "edgerun-protocols"
version = "0.1.1"
dependencies = [
 "edgerun-core",
 "edgerun-crypto",
 "edgerun-encoding",
 "edgerun-hpack",
 "edgerun-json",
 "edgerun-url",
 "edgerun-wire",
 "miniz_oxide",
]

[[package]]
name = "edgerun-pty"
version = "0.1.1"

[[package]]
name = "edgerun-random"
version = "0.1.1"

[[package]]
name = "edgerun-remote-capability"
version = "0.1.1"
dependencies = [
 "edgerun-capabilities",
 "edgerun-crypto",
 "edgerun-devices",
 "edgerun-encoding",
 "edgerun-hardware-signing",
 "edgerun-protocols",
]

[[package]]
name = "edgerun-reqwest"
version = "0.1.1"
dependencies = [
 "edgerun-bytes",
 "edgerun-encoding",
 "edgerun-futures",
 "edgerun-http",
 "edgerun-http-client",
 "edgerun-json",
 "edgerun-url",
]

[[package]]
name = "edgerun-rmcp"
version = "0.1.1"
dependencies = [
 "edgerun-json",
 "edgerun-serde",
]

[[package]]
name = "edgerun-runtime"
version = "0.1.1"
dependencies = [
 "edgerun-log",
 "edgerun-platform",
 "edgerun-protocols",
]

[[package]]
name = "edgerun-schemars"
version = "0.1.1"
dependencies = [
 "edgerun-schemars-derive",
]

[[package]]
name = "edgerun-schemars-derive"
version = "0.1.1"

[[package]]
name = "edgerun-sdk"
version = "0.1.1"
dependencies = [
 "edgerun-crypto",
 "edgerun-encoding",
 "edgerun-json",
 "edgerun-machine-report",
 "edgerun-protocols",
 "edgerun-wire",
]

[[package]]
name = "edgerun-seccompiler"
version = "0.1.1"

[[package]]
name = "edgerun-secret-service"
version = "0.1.1"
dependencies = [
 "edgerun-devices",
 "edgerun-encoding",
 "edgerun-json",
 "edgerun-log",
 "edgerun-node",
 "edgerun-protocols",
 "edgerun-storage",
]

[[package]]
name = "edgerun-serde"
version = "0.1.1"
dependencies = [
 "serde",
]

[[package]]
name = "edgerun-shlex"
version = "0.1.1"

[[package]]
name = "edgerun-similar"
version = "0.1.1"

[[package]]
name = "edgerun-sixel"
version = "0.1.1"

[[package]]
name = "edgerun-storage"
version = "0.1.1"
dependencies = [
 "edgerun-crypto",
 "edgerun-encoding",
 "edgerun-log",
 "edgerun-protocols",
 "edgerun-virtual-disk",
]

[[package]]
name = "edgerun-strum"
version = "0.1.1"

[[package]]
name = "edgerun-strum-macros"
version = "0.1.1"

[[package]]
name = "edgerun-subtle"
version = "0.1.1"

[[package]]
name = "edgerun-tcl-ac"
version = "0.1.1"
dependencies = [
 "edgerun-bluetooth-gatt",
 "edgerun-capabilities",
 "edgerun-crypto",
 "edgerun-protocols",
]

[[package]]
name = "edgerun-tempfile"
version = "0.1.1"
dependencies = [
 "edgerun-random",
]

[[package]]
name = "edgerun-term-core"
version = "0.1.0"
dependencies = [
 "edgerun-emoji",
 "edgerun-encoding",
 "edgerun-error",
 "edgerun-log",
 "edgerun-sixel",
 "edgerun-terminal-parser",
 "edgerun-unicode",
]

[[package]]
name = "edgerun-terminal-parser"
version = "0.1.1"

[[package]]
name = "edgerun-time"
version = "0.1.1"
dependencies = [
 "edgerun-encoding",
]

[[package]]
name = "edgerun-tokio"
version = "0.1.1"
dependencies = [
 "edgerun-futures",
 "edgerun-runtime",
 "edgerun-tokio-macros",
]

[[package]]
name = "edgerun-tokio-macros"
version = "0.1.1"

[[package]]
name = "edgerun-tokio-test"
version = "0.1.1"

[[package]]
name = "edgerun-tokio-tungstenite"
version = "0.1.1"
dependencies = [
 "edgerun-futures",
 "edgerun-tokio",
 "edgerun-tungstenite",
]

[[package]]
name = "edgerun-tokio-util"
version = "0.1.1"
dependencies = [
 "edgerun-bytes",
 "edgerun-futures",
 "edgerun-tokio",
]

[[package]]
name = "edgerun-tpm"
version = "0.1.1"
dependencies = [
 "edgerun-crypto",
 "edgerun-encoding",
]

[[package]]
name = "edgerun-tracing-opentelemetry"
version = "0.1.1"
dependencies = [
 "tracing-opentelemetry",
]

[[package]]
name = "edgerun-ts-rs"
version = "0.1.1"
dependencies = [
 "edgerun-error",
 "edgerun-ts-rs-derive",
]

[[package]]
name = "edgerun-ts-rs-derive"
version = "0.1.1"

[[package]]
name = "edgerun-tungstenite"
version = "0.1.1"
dependencies = [
 "edgerun-bytes",
 "edgerun-crypto",
 "edgerun-encoding",
 "edgerun-http",
 "edgerun-random",
]

[[package]]
name = "edgerun-tuya"
version = "0.1.1"
dependencies = [
 "edgerun-capabilities",
 "edgerun-crypto",
 "edgerun-json",
 "edgerun-node",
 "edgerun-protocols",
]

[[package]]
name = "edgerun-ui-core"
version = "0.1.1"
dependencies = [
 "edgerun-fontdue",
]

[[package]]
name = "edgerun-unicode"
version = "0.1.1"

[[package]]
name = "edgerun-unit"
version = "0.1.1"
dependencies = [
 "edgerun-unit-macros",
]

[[package]]
name = "edgerun-unit-macros"
version = "0.1.1"

[[package]]
name = "edgerun-url"
version = "0.1.1"
dependencies = [
 "edgerun-json",
]

[[package]]
name = "edgerun-virtio"
version = "0.1.0"
dependencies = [
 "edgerun-platform",
]

[[package]]
name = "edgerun-virtual-disk"
version = "0.1.1"
dependencies = [
 "edgerun-crypto",
 "edgerun-encoding",
 "edgerun-protocols",
]

[[package]]
name = "edgerun-wallet"
version = "0.1.1"
dependencies = [
 "edgerun-crypto",
 "edgerun-json",
 "edgerun-log",
 "edgerun-protocols",
]

[[package]]
name = "edgerun-wire"
version = "0.1.1"
dependencies = [
 "edgerun-crypto",
 "rkyv",
]

[[package]]
name = "edgerun-wiremock"
version = "0.1.1"
dependencies = [
 "edgerun-http",
 "edgerun-json",
 "edgerun-serde",
]

[[package]]
name = "edgerun-work"
version = "0.1.1"
dependencies = [
 "edgerun-crypto",
 "edgerun-protocols",
 "edgerun-virtual-disk",
 "edgerun-wire",
 "rkyv",
]

[[package]]
name = "edgerun-yubikey"
version = "0.1.1"
dependencies = [
 "edgerun-encoding",
 "edgerun-linux-sysfs",
 "edgerun-protocols",
]

[[package]]
name = "edgerun-zeroize"
version = "0.1.1"

[[package]]
name = "edgerun-zstd"
version = "0.1.1"

[[package]]
name = "equivalent"
version = "1.0.2"
source = "registry+https://github.com/rust-lang/crates.io-index"
checksum = "877a4ace8713b0bcf2a4e7eec82529c029f1d0619886d18145fea96c3ffe5c0f"

[[package]]
name = "fixed_decimal"
version = "0.7.2"
source = "registry+https://github.com/rust-lang/crates.io-index"
checksum = "79c3c892f121fff406e5dd6b28c1b30096b95111c30701a899d4f2b18da6d1bd"
dependencies = [
 "displaydoc",
 "smallvec",
 "writeable",
]

[[package]]
name = "futures-channel"
version = "0.3.32"
source = "registry+https://github.com/rust-lang/crates.io-index"
checksum = "07bbe89c50d7a535e539b8c17bc0b49bdb77747034daa8087407d655f3f7cc1d"
dependencies = [
 "futures-core",
]

[[package]]
name = "futures-core"
version = "0.3.32"
source = "registry+https://github.com/rust-lang/crates.io-index"
checksum = "7e3450815272ef58cec6d564423f6e755e25379b217b0bc688e295ba24df6b1d"

[[package]]
name = "futures-executor"
version = "0.3.32"
source = "registry+https://github.com/rust-lang/crates.io-index"
checksum = "baf29c38818342a3b26b5b923639e7b1f4a61fc5e76102d4b1981c6dc7a7579d"
dependencies = [
 "futures-core",
 "futures-task",
 "futures-util",
]

[[package]]
name = "futures-macro"
version = "0.3.32"
source = "registry+https://github.com/rust-lang/crates.io-index"
checksum = "e835b70203e41293343137df5c0664546da5745f82ec9b84d40be8336958447b"
dependencies = [
 "proc-macro2",
 "quote",
 "syn",
]

[[package]]
name = "futures-sink"
version = "0.3.32"
source = "registry+https://github.com/rust-lang/crates.io-index"
checksum = "c39754e157331b013978ec91992bde1ac089843443c49cbc7f46150b0fad0893"

[[package]]
name = "futures-task"
version = "0.3.32"
source = "registry+https://github.com/rust-lang/crates.io-index"
checksum = "037711b3d59c33004d3856fbdc83b99d4ff37a24768fa1be9ce3538a1cde4393"

[[package]]
name = "futures-util"
version = "0.3.32"
source = "registry+https://github.com/rust-lang/crates.io-index"
checksum = "389ca41296e6190b48053de0321d02a77f32f8a5d2461dd38762c0593805c6d6"
dependencies = [
 "futures-core",
 "futures-macro",
 "futures-sink",
 "futures-task",
 "pin-project-lite",
 "slab",
]

[[package]]
name = "getrandom"
version = "0.3.4"
source = "registry+https://github.com/rust-lang/crates.io-index"
checksum = "899def5c37c4fd7b2664648c28120ecec138e4d395b459e5ca34f9cce2dd77fd"
dependencies = [
 "cfg-if",
 "libc",
 "r-efi",
 "wasip2",
]

[[package]]
name = "hashbrown"
version = "0.17.1"
source = "registry+https://github.com/rust-lang/crates.io-index"
checksum = "ed5909b6e89a2db4456e54cd5f673791d7eca6732202bbf2a9cc504fe2f9b84a"

[[package]]
name = "icu_collections"
version = "2.1.1"
source = "registry+https://github.com/rust-lang/crates.io-index"
checksum = "4c6b649701667bbe825c3b7e6388cb521c23d88644678e83c0c4d0a621a34b43"
dependencies = [
 "displaydoc",
 "potential_utf",
 "yoke",
 "zerofrom",
 "zerovec",
]

[[package]]
name = "icu_decimal"
version = "2.1.1"
source = "registry+https://github.com/rust-lang/crates.io-index"
checksum = "a38c52231bc348f9b982c1868a2af3195199623007ba2c7650f432038f5b3e8e"
dependencies = [
 "fixed_decimal",
 "icu_decimal_data",
 "icu_locale",
 "icu_locale_core",
 "icu_provider",
 "writeable",
 "zerovec",
]

[[package]]
name = "icu_decimal_data"
version = "2.1.1"
source = "registry+https://github.com/rust-lang/crates.io-index"
checksum = "2905b4044eab2dd848fe84199f9195567b63ab3a93094711501363f63546fef7"

[[package]]
name = "icu_locale"
version = "2.1.1"
source = "registry+https://github.com/rust-lang/crates.io-index"
checksum = "532b11722e350ab6bf916ba6eb0efe3ee54b932666afec989465f9243fe6dd60"
dependencies = [
 "icu_collections",
 "icu_locale_core",
 "icu_locale_data",
 "icu_provider",
 "potential_utf",
 "tinystr",
 "zerovec",
]

[[package]]
name = "icu_locale_core"
version = "2.1.1"
source = "registry+https://github.com/rust-lang/crates.io-index"
checksum = "edba7861004dd3714265b4db54a3c390e880ab658fec5f7db895fae2046b5bb6"
dependencies = [
 "displaydoc",
 "litemap",
 "serde",
 "tinystr",
 "writeable",
 "zerovec",
]

[[package]]
name = "icu_locale_data"
version = "2.1.2"
source = "registry+https://github.com/rust-lang/crates.io-index"
checksum = "1c5f1d16b4c3a2642d3a719f18f6b06070ab0aef246a6418130c955ae08aa831"

[[package]]
name = "icu_provider"
version = "2.1.1"
source = "registry+https://github.com/rust-lang/crates.io-index"
checksum = "85962cf0ce02e1e0a629cc34e7ca3e373ce20dda4c4d7294bbd0bf1fdb59e614"
dependencies = [
 "displaydoc",
 "icu_locale_core",
 "serde",
 "stable_deref_trait",
 "writeable",
 "yoke",
 "zerofrom",
 "zerotrie",
 "zerovec",
]

[[package]]
name = "indexmap"
version = "2.14.0"
source = "registry+https://github.com/rust-lang/crates.io-index"
checksum = "d466e9454f08e4a911e14806c24e16fba1b4c121d1ea474396f396069cf949d9"
dependencies = [
 "equivalent",
 "hashbrown",
]

[[package]]
name = "jni"
version = "0.22.4"
source = "registry+https://github.com/rust-lang/crates.io-index"
checksum = "5efd9a482cf3a427f00d6b35f14332adc7902ce91efb778580e180ff90fa3498"
dependencies = [
 "cfg-if",
 "combine",
 "jni-macros",
 "jni-sys",
 "log",
 "simd_cesu8",
 "thiserror",
 "walkdir",
 "windows-link",
]

[[package]]
name = "jni-macros"
version = "0.22.4"
source = "registry+https://github.com/rust-lang/crates.io-index"
checksum = "a00109accc170f0bdb141fed3e393c565b6f5e072365c3bd58f5b062591560a3"
dependencies = [
 "proc-macro2",
 "quote",
 "rustc_version",
 "simd_cesu8",
 "syn",
]

[[package]]
name = "jni-sys"
version = "0.4.1"
source = "registry+https://github.com/rust-lang/crates.io-index"
checksum = "c6377a88cb3910bee9b0fa88d4f42e1d2da8e79915598f65fb0c7ee14c878af2"
dependencies = [
 "jni-sys-macros",
]

[[package]]
name = "jni-sys-macros"
version = "0.4.1"
source = "registry+https://github.com/rust-lang/crates.io-index"
checksum = "38c0b942f458fe50cdac086d2f946512305e5631e720728f2a61aabcd47a6264"
dependencies = [
 "quote",
 "syn",
]

[[package]]
name = "js-sys"
version = "0.3.98"
source = "registry+https://github.com/rust-lang/crates.io-index"
checksum = "67df7112613f8bfd9150013a0314e196f4800d3201ae742489d999db2f979f08"
dependencies = [
 "cfg-if",
 "futures-util",
 "once_cell",
 "wasm-bindgen",
]

[[package]]
name = "lazy_static"
version = "1.5.0"
source = "registry+https://github.com/rust-lang/crates.io-index"
checksum = "bbd2bcb4c963f2ddae06a2efc7e9f3591312473c50c6685e1f298068316e66fe"

[[package]]
name = "libc"
version = "0.2.186"
source = "registry+https://github.com/rust-lang/crates.io-index"
checksum = "68ab91017fe16c622486840e4c83c9a37afeff978bd239b5293d61ece587de66"

[[package]]
name = "litemap"
version = "0.8.2"
source = "registry+https://github.com/rust-lang/crates.io-index"
checksum = "92daf443525c4cce67b150400bc2316076100ce0b3686209eb8cf3c31612e6f0"

[[package]]
name = "log"
version = "0.4.29"
source = "registry+https://github.com/rust-lang/crates.io-index"
checksum = "5e5032e24019045c762d3c0f28f5b6b8bbf38563a65908389bf7978758920897"

[[package]]
name = "memchr"
version = "2.8.0"
source = "registry+https://github.com/rust-lang/crates.io-index"
checksum = "f8ca58f447f06ed17d5fc4043ce1b10dd205e060fb3ce5b979b8ed8e59ff3f79"

[[package]]
name = "miniz_oxide"
version = "0.8.9"
source = "registry+https://github.com/rust-lang/crates.io-index"
checksum = "1fa76a2c86f704bdb222d66965fb3d63269ce38518b83cb0575fca855ebb6316"
dependencies = [
 "adler2",
]

[[package]]
name = "munge"
version = "0.4.7"
source = "registry+https://github.com/rust-lang/crates.io-index"
checksum = "5e17401f259eba956ca16491461b6e8f72913a0a114e39736ce404410f915a0c"
dependencies = [
 "munge_macro",
]

[[package]]
name = "munge_macro"
version = "0.4.7"
source = "registry+https://github.com/rust-lang/crates.io-index"
checksum = "4568f25ccbd45ab5d5603dc34318c1ec56b117531781260002151b8530a9f931"
dependencies = [
 "proc-macro2",
 "quote",
 "syn",
]

[[package]]
name = "ndk-context"
version = "0.1.1"
source = "registry+https://github.com/rust-lang/crates.io-index"
checksum = "27b02d87554356db9e9a873add8782d4ea6e3e58ea071a9adb9a2e8ddb884a8b"

[[package]]
name = "once_cell"
version = "1.21.4"
source = "registry+https://github.com/rust-lang/crates.io-index"
checksum = "9f7c3e4beb33f85d45ae3e3a1792185706c8e16d043238c593331cc7cd313b50"

[[package]]
name = "opentelemetry"
version = "0.31.0"
source = "registry+https://github.com/rust-lang/crates.io-index"
checksum = "b84bcd6ae87133e903af7ef497404dda70c60d0ea14895fc8a5e6722754fc2a0"
dependencies = [
 "futures-core",
 "futures-sink",
 "js-sys",
 "pin-project-lite",
 "thiserror",
 "tracing",
]

[[package]]
name = "opentelemetry_sdk"
version = "0.31.0"
source = "registry+https://github.com/rust-lang/crates.io-index"
checksum = "e14ae4f5991976fd48df6d843de219ca6d31b01daaab2dad5af2badeded372bd"
dependencies = [
 "futures-channel",
 "futures-executor",
 "futures-util",
 "opentelemetry",
 "percent-encoding",
 "rand",
 "thiserror",
]

[[package]]
name = "percent-encoding"
version = "2.3.2"
source = "registry+https://github.com/rust-lang/crates.io-index"
checksum = "9b4f627cb1b25917193a259e49bdad08f671f8d9708acfd5fe0a8c1455d87220"

[[package]]
name = "pin-project-lite"
version = "0.2.17"
source = "registry+https://github.com/rust-lang/crates.io-index"
checksum = "a89322df9ebe1c1578d689c92318e070967d1042b512afbe49518723f4e6d5cd"

[[package]]
name = "potential_utf"
version = "0.1.5"
source = "registry+https://github.com/rust-lang/crates.io-index"
checksum = "0103b1cef7ec0cf76490e969665504990193874ea05c85ff9bab8b911d0a0564"
dependencies = [
 "serde_core",
 "writeable",
 "zerovec",
]

[[package]]
name = "ppv-lite86"
version = "0.2.21"
source = "registry+https://github.com/rust-lang/crates.io-index"
checksum = "85eae3c4ed2f50dcfe72643da4befc30deadb458a9b590d720cde2f2b1e97da9"
dependencies = [
 "zerocopy",
]

[[package]]
name = "proc-macro2"
version = "1.0.106"
source = "registry+https://github.com/rust-lang/crates.io-index"
checksum = "8fd00f0bb2e90d81d1044c2b32617f68fcb9fa3bb7640c23e9c748e53fb30934"
dependencies = [
 "unicode-ident",
]

[[package]]
name = "ptr_meta"
version = "0.3.1"
source = "registry+https://github.com/rust-lang/crates.io-index"
checksum = "0b9a0cf95a1196af61d4f1cbdab967179516d9a4a4312af1f31948f8f6224a79"
dependencies = [
 "ptr_meta_derive",
]

[[package]]
name = "ptr_meta_derive"
version = "0.3.1"
source = "registry+https://github.com/rust-lang/crates.io-index"
checksum = "7347867d0a7e1208d93b46767be83e2b8f978c3dad35f775ac8d8847551d6fe1"
dependencies = [
 "proc-macro2",
 "quote",
 "syn",
]

[[package]]
name = "quote"
version = "1.0.45"
source = "registry+https://github.com/rust-lang/crates.io-index"
checksum = "41f2619966050689382d2b44f664f4bc593e129785a36d6ee376ddf37259b924"
dependencies = [
 "proc-macro2",
]

[[package]]
name = "r-efi"
version = "5.3.0"
source = "registry+https://github.com/rust-lang/crates.io-index"
checksum = "69cdb34c158ceb288df11e18b4bd39de994f6657d83847bdffdbd7f346754b0f"

[[package]]
name = "rancor"
version = "0.1.1"
source = "registry+https://github.com/rust-lang/crates.io-index"
checksum = "a063ea72381527c2a0561da9c80000ef822bdd7c3241b1cc1b12100e3df081ee"
dependencies = [
 "ptr_meta",
]

[[package]]
name = "rand"
version = "0.9.4"
source = "registry+https://github.com/rust-lang/crates.io-index"
checksum = "44c5af06bb1b7d3216d91932aed5265164bf384dc89cd6ba05cf59a35f5f76ea"
dependencies = [
 "rand_chacha",
 "rand_core",
]

[[package]]
name = "rand_chacha"
version = "0.9.0"
source = "registry+https://github.com/rust-lang/crates.io-index"
checksum = "d3022b5f1df60f26e1ffddd6c66e8aa15de382ae63b3a0c1bfc0e4d3e3f325cb"
dependencies = [
 "ppv-lite86",
 "rand_core",
]

[[package]]
name = "rand_core"
version = "0.9.5"
source = "registry+https://github.com/rust-lang/crates.io-index"
checksum = "76afc826de14238e6e8c374ddcc1fa19e374fd8dd986b0d2af0d02377261d83c"
dependencies = [
 "getrandom",
]

[[package]]
name = "rend"
version = "0.5.3"
source = "registry+https://github.com/rust-lang/crates.io-index"
checksum = "cadadef317c2f20755a64d7fdc48f9e7178ee6b0e1f7fce33fa60f1d68a276e6"
dependencies = [
 "bytecheck",
]

[[package]]
name = "rkyv"
version = "0.8.16"
source = "registry+https://github.com/rust-lang/crates.io-index"
checksum = "73389e0c99e664f919275ab5b5b0471391fe9a8de61e1dff9b1eaf56a90f16e3"
dependencies = [
 "bytecheck",
 "bytes",
 "hashbrown",
 "indexmap",
 "munge",
 "ptr_meta",
 "rancor",
 "rend",
 "rkyv_derive",
 "tinyvec",
 "uuid",
]

[[package]]
name = "rkyv_derive"
version = "0.8.16"
source = "registry+https://github.com/rust-lang/crates.io-index"
checksum = "5d2ed0b54125315fb36bd021e82d314d1c126548f871634b483f46b31d13cac6"
dependencies = [
 "proc-macro2",
 "quote",
 "syn",
]

[[package]]
name = "rustc_version"
version = "0.4.1"
source = "registry+https://github.com/rust-lang/crates.io-index"
checksum = "cfcb3a22ef46e85b45de6ee7e79d063319ebb6594faafcf1c225ea92ab6e9b92"
dependencies = [
 "semver",
]

[[package]]
name = "rustversion"
version = "1.0.22"
source = "registry+https://github.com/rust-lang/crates.io-index"
checksum = "b39cdef0fa800fc44525c84ccb54a029961a8215f9619753635a9c0d2538d46d"

[[package]]
name = "same-file"
version = "1.0.6"
source = "registry+https://github.com/rust-lang/crates.io-index"
checksum = "93fc1dc3aaa9bfed95e02e6eadabb4baf7e3078b0bd1b4d7b6b0b68378900502"
dependencies = [
 "winapi-util",
]

[[package]]
name = "semver"
version = "1.0.28"
source = "registry+https://github.com/rust-lang/crates.io-index"
checksum = "8a7852d02fc848982e0c167ef163aaff9cd91dc640ba85e263cb1ce46fae51cd"

[[package]]
name = "serde"
version = "1.0.228"
source = "registry+https://github.com/rust-lang/crates.io-index"
checksum = "9a8e94ea7f378bd32cbbd37198a4a91436180c5bb472411e48b5ec2e2124ae9e"
dependencies = [
 "serde_core",
 "serde_derive",
]

[[package]]
name = "serde_core"
version = "1.0.228"
source = "registry+https://github.com/rust-lang/crates.io-index"
checksum = "41d385c7d4ca58e59fc732af25c3983b67ac852c1a25000afe1175de458b67ad"
dependencies = [
 "serde_derive",
]

[[package]]
name = "serde_derive"
version = "1.0.228"
source = "registry+https://github.com/rust-lang/crates.io-index"
checksum = "d540f220d3187173da220f885ab66608367b6574e925011a9353e4badda91d79"
dependencies = [
 "proc-macro2",
 "quote",
 "syn",
]

[[package]]
name = "sharded-slab"
version = "0.1.7"
source = "registry+https://github.com/rust-lang/crates.io-index"
checksum = "f40ca3c46823713e0d4209592e8d6e826aa57e928f09752619fc696c499637f6"
dependencies = [
 "lazy_static",
]

[[package]]
name = "simd_cesu8"
version = "1.1.1"
source = "registry+https://github.com/rust-lang/crates.io-index"
checksum = "94f90157bb87cddf702797c5dadfa0be7d266cdf49e22da2fcaa32eff75b2c33"
dependencies = [
 "rustc_version",
 "simdutf8",
]

[[package]]
name = "simdutf8"
version = "0.1.5"
source = "registry+https://github.com/rust-lang/crates.io-index"
checksum = "e3a9fe34e3e7a50316060351f37187a3f546bce95496156754b601a5fa71b76e"

[[package]]
name = "slab"
version = "0.4.12"
source = "registry+https://github.com/rust-lang/crates.io-index"
checksum = "0c790de23124f9ab44544d7ac05d60440adc586479ce501c1d6d7da3cd8c9cf5"

[[package]]
name = "smallvec"
version = "1.15.1"
source = "registry+https://github.com/rust-lang/crates.io-index"
checksum = "67b1b7a3b5fe4f1376887184045fcf45c69e92af734b7aaddc05fb777b6fbd03"

[[package]]
name = "stable_deref_trait"
version = "1.2.1"
source = "registry+https://github.com/rust-lang/crates.io-index"
checksum = "6ce2be8dc25455e1f91df71bfa12ad37d7af1092ae736f3a6cd0e37bc7810596"

[[package]]
name = "syn"
version = "2.0.117"
source = "registry+https://github.com/rust-lang/crates.io-index"
checksum = "e665b8803e7b1d2a727f4023456bbbbe74da67099c585258af0ad9c5013b9b99"
dependencies = [
 "proc-macro2",
 "quote",
 "unicode-ident",
]

[[package]]
name = "synstructure"
version = "0.13.2"
source = "registry+https://github.com/rust-lang/crates.io-index"
checksum = "728a70f3dbaf5bab7f0c4b1ac8d7ae5ea60a4b5549c8a5914361c99147a709d2"
dependencies = [
 "proc-macro2",
 "quote",
 "syn",
]

[[package]]
name = "thiserror"
version = "2.0.18"
source = "registry+https://github.com/rust-lang/crates.io-index"
checksum = "4288b5bcbc7920c07a1149a35cf9590a2aa808e0bc1eafaade0b80947865fbc4"
dependencies = [
 "thiserror-impl",
]

[[package]]
name = "thiserror-impl"
version = "2.0.18"
source = "registry+https://github.com/rust-lang/crates.io-index"
checksum = "ebc4ee7f67670e9b64d05fa4253e753e016c6c95ff35b89b7941d6b856dec1d5"
dependencies = [
 "proc-macro2",
 "quote",
 "syn",
]

[[package]]
name = "thread_local"
version = "1.1.9"
source = "registry+https://github.com/rust-lang/crates.io-index"
checksum = "f60246a4944f24f6e018aa17cdeffb7818b76356965d03b07d6a9886e8962185"
dependencies = [
 "cfg-if",
]

[[package]]
name = "tinystr"
version = "0.8.3"
source = "registry+https://github.com/rust-lang/crates.io-index"
checksum = "c8323304221c2a851516f22236c5722a72eaa19749016521d6dff0824447d96d"
dependencies = [
 "displaydoc",
 "serde_core",
 "zerovec",
]

[[package]]
name = "tinyvec"
version = "1.11.0"
dependencies = [
 "tinyvec_macros",
]

[[package]]
name = "tinyvec_macros"
version = "0.1.1"

[[package]]
name = "tracing"
version = "0.1.44"
source = "registry+https://github.com/rust-lang/crates.io-index"
checksum = "63e71662fa4b2a2c3a26f570f037eb95bb1f85397f3cd8076caed2f026a6d100"
dependencies = [
 "pin-project-lite",
 "tracing-core",
]

[[package]]
name = "tracing-core"
version = "0.1.36"
source = "registry+https://github.com/rust-lang/crates.io-index"
checksum = "db97caf9d906fbde555dd62fa95ddba9eecfd14cb388e4f491a66d74cd5fb79a"
dependencies = [
 "once_cell",
 "valuable",
]

[[package]]
name = "tracing-log"
version = "0.2.0"
source = "registry+https://github.com/rust-lang/crates.io-index"
checksum = "ee855f1f400bd0e5c02d150ae5de3840039a3f54b025156404e34c23c03f47c3"
dependencies = [
 "log",
 "once_cell",
 "tracing-core",
]

[[package]]
name = "tracing-opentelemetry"
version = "0.32.1"
source = "registry+https://github.com/rust-lang/crates.io-index"
checksum = "1ac28f2d093c6c477eaa76b23525478f38de514fa9aeb1285738d4b97a9552fc"
dependencies = [
 "js-sys",
 "opentelemetry",
 "smallvec",
 "tracing",
 "tracing-core",
 "tracing-log",
 "tracing-subscriber",
 "web-time",
]

[[package]]
name = "tracing-subscriber"
version = "0.3.23"
source = "registry+https://github.com/rust-lang/crates.io-index"
checksum = "cb7f578e5945fb242538965c2d0b04418d38ec25c79d160cd279bf0731c8d319"
dependencies = [
 "sharded-slab",
 "thread_local",
 "tracing-core",
]

[[package]]
name = "unicode-ident"
version = "1.0.24"
source = "registry+https://github.com/rust-lang/crates.io-index"
checksum = "e6e4313cd5fcd3dad5cafa179702e2b244f760991f45397d14d4ebf38247da75"

[[package]]
name = "uuid"
version = "1.23.1"
source = "registry+https://github.com/rust-lang/crates.io-index"
checksum = "ddd74a9687298c6858e9b88ec8935ec45d22e8fd5e6394fa1bd4e99a87789c76"
dependencies = [
 "js-sys",
 "wasm-bindgen",
]

[[package]]
name = "valuable"
version = "0.1.1"
source = "registry+https://github.com/rust-lang/crates.io-index"
checksum = "ba73ea9cf16a25df0c8caa16c51acb937d5712a8429db78a3ee29d5dcacd3a65"

[[package]]
name = "walkdir"
version = "2.5.0"
source = "registry+https://github.com/rust-lang/crates.io-index"
checksum = "29790946404f91d9c5d06f9874efddea1dc06c5efe94541a7d6863108e3a5e4b"
dependencies = [
 "same-file",
 "winapi-util",
]

[[package]]
name = "wasip2"
version = "1.0.3+wasi-0.2.9"
source = "registry+https://github.com/rust-lang/crates.io-index"
checksum = "20064672db26d7cdc89c7798c48a0fdfac8213434a1186e5ef29fd560ae223d6"
dependencies = [
 "wit-bindgen",
]

[[package]]
name = "wasm-bindgen"
version = "0.2.121"
source = "registry+https://github.com/rust-lang/crates.io-index"
checksum = "49ace1d07c165b0864824eee619580c4689389afa9dc9ed3a4c75040d82e6790"
dependencies = [
 "cfg-if",
 "once_cell",
 "rustversion",
 "wasm-bindgen-macro",
 "wasm-bindgen-shared",
]

[[package]]
name = "wasm-bindgen-macro"
version = "0.2.121"
source = "registry+https://github.com/rust-lang/crates.io-index"
checksum = "8e68e6f4afd367a562002c05637acb8578ff2dea1943df76afb9e83d177c8578"
dependencies = [
 "quote",
 "wasm-bindgen-macro-support",
]

[[package]]
name = "wasm-bindgen-macro-support"
version = "0.2.121"
source = "registry+https://github.com/rust-lang/crates.io-index"
checksum = "d95a9ec35c64b2a7cb35d3fead40c4238d0940c86d107136999567a4703259f2"
dependencies = [
 "bumpalo",
 "proc-macro2",
 "quote",
 "syn",
 "wasm-bindgen-shared",
]

[[package]]
name = "wasm-bindgen-shared"
version = "0.2.121"
source = "registry+https://github.com/rust-lang/crates.io-index"
checksum = "c4e0100b01e9f0d03189a92b96772a1fb998639d981193d7dbab487302513441"
dependencies = [
 "unicode-ident",
]

[[package]]
name = "web-time"
version = "1.1.0"
source = "registry+https://github.com/rust-lang/crates.io-index"
checksum = "5a6580f308b1fad9207618087a65c04e7a10bc77e02c8e84e9b00dd4b12fa0bb"
dependencies = [
 "js-sys",
 "wasm-bindgen",
]

[[package]]
name = "winapi-util"
version = "0.1.11"
source = "registry+https://github.com/rust-lang/crates.io-index"
checksum = "c2a7b1c03c876122aa43f3020e6c3c3ee5c05081c9a00739faf7503aeba10d22"
dependencies = [
 "windows-sys",
]

[[package]]
name = "windows-link"
version = "0.2.1"
source = "registry+https://github.com/rust-lang/crates.io-index"
checksum = "f0805222e57f7521d6a62e36fa9163bc891acd422f971defe97d64e70d0a4fe5"

[[package]]
name = "windows-sys"
version = "0.61.2"
source = "registry+https://github.com/rust-lang/crates.io-index"
checksum = "ae137229bcbd6cdf0f7b80a31df61766145077ddf49416a728b02cb3921ff3fc"
dependencies = [
 "windows-link",
]

[[package]]
name = "wit-bindgen"
version = "0.57.1"
source = "registry+https://github.com/rust-lang/crates.io-index"
checksum = "1ebf944e87a7c253233ad6766e082e3cd714b5d03812acc24c318f549614536e"

[[package]]
name = "writeable"
version = "0.6.3"
source = "registry+https://github.com/rust-lang/crates.io-index"
checksum = "1ffae5123b2d3fc086436f8834ae3ab053a283cfac8fe0a0b8eaae044768a4c4"

[[package]]
name = "yoke"
version = "0.8.2"
source = "registry+https://github.com/rust-lang/crates.io-index"
checksum = "abe8c5fda708d9ca3df187cae8bfb9ceda00dd96231bed36e445a1a48e66f9ca"
dependencies = [
 "stable_deref_trait",
 "yoke-derive",
 "zerofrom",
]

[[package]]
name = "yoke-derive"
version = "0.8.2"
source = "registry+https://github.com/rust-lang/crates.io-index"
checksum = "de844c262c8848816172cef550288e7dc6c7b7814b4ee56b3e1553f275f1858e"
dependencies = [
 "proc-macro2",
 "quote",
 "syn",
 "synstructure",
]

[[package]]
name = "zerocopy"
version = "0.8.48"
source = "registry+https://github.com/rust-lang/crates.io-index"
checksum = "eed437bf9d6692032087e337407a86f04cd8d6a16a37199ed57949d415bd68e9"
dependencies = [
 "zerocopy-derive",
]

[[package]]
name = "zerocopy-derive"
version = "0.8.48"
source = "registry+https://github.com/rust-lang/crates.io-index"
checksum = "70e3cd084b1788766f53af483dd21f93881ff30d7320490ec3ef7526d203bad4"
dependencies = [
 "proc-macro2",
 "quote",
 "syn",
]

[[package]]
name = "zerofrom"
version = "0.1.8"
source = "registry+https://github.com/rust-lang/crates.io-index"
checksum = "0ec05a11813ea801ff6d75110ad09cd0824ddba17dfe17128ea0d5f68e6c5272"
dependencies = [
 "zerofrom-derive",
]

[[package]]
name = "zerofrom-derive"
version = "0.1.7"
source = "registry+https://github.com/rust-lang/crates.io-index"
checksum = "11532158c46691caf0f2593ea8358fed6bbf68a0315e80aae9bd41fbade684a1"
dependencies = [
 "proc-macro2",
 "quote",
 "syn",
 "synstructure",
]

[[package]]
name = "zerotrie"
version = "0.2.4"
source = "registry+https://github.com/rust-lang/crates.io-index"
checksum = "0f9152d31db0792fa83f70fb2f83148effb5c1f5b8c7686c3459e361d9bc20bf"
dependencies = [
 "displaydoc",
 "zerovec",
]

[[package]]
name = "zerovec"
version = "0.11.6"
source = "registry+https://github.com/rust-lang/crates.io-index"
checksum = "90f911cbc359ab6af17377d242225f4d75119aec87ea711a880987b18cd7b239"
dependencies = [
 "serde",
 "yoke",
 "zerofrom",
 "zerovec-derive",
]

[[package]]
name = "zerovec-derive"
version = "0.11.3"
source = "registry+https://github.com/rust-lang/crates.io-index"
checksum = "625dc425cab0dca6dc3c3319506e6593dcb08a9f387ea3b284dbd52a92c40555"
dependencies = [
 "proc-macro2",
 "quote",
 "syn",
]
