# This file is automatically @generated by Cargo.
# It is not intended for manual editing.
version = 4

[[package]]
name = "edgerun-crypto"
version = "0.1.1"
dependencies = [
 "edgerun-encoding",
 "rand_core",
]

[[package]]
name = "edgerun-encoding"
version = "0.1.1"

[[package]]
name = "edgerun-sdk-native-sha256-fips180"
version = "0.1.0"
dependencies = [
 "edgerun-crypto",
]

[[package]]
name = "rand_core"
version = "0.6.4"
source = "registry+https://github.com/rust-lang/crates.io-index"
checksum = "ec0be4795e2f6a28069bec0b5ff3e2ac9bafc99e6a9a7dc3547996c5c816922c"
