# This file is automatically @generated by Cargo.
# It is not intended for manual editing.
version = 4

[[package]]
name = "bytecheck"
version = "0.8.2"
dependencies = [
 "bytecheck_derive",
 "ptr_meta",
 "rancor",
]

[[package]]
name = "bytecheck_derive"
version = "0.8.2"
dependencies = [
 "proc-macro2",
 "quote",
 "syn",
]

[[package]]
name = "codex-api"
version = "0.0.0"
dependencies = [
 "codex-client",
 "codex-protocol",
 "edgerun-anyhow",
 "edgerun-assert-matches",
 "edgerun-async-channel",
 "edgerun-async-trait",
 "edgerun-bytes",
 "edgerun-encoding",
 "edgerun-error",
 "edgerun-eventsource-stream",
 "edgerun-futures",
 "edgerun-http",
 "edgerun-json",
 "edgerun-log",
 "edgerun-pretty-assertions",
 "edgerun-reqwest",
 "edgerun-tempfile",
 "edgerun-time",
 "edgerun-tokio",
 "edgerun-tokio-test",
 "edgerun-tokio-tungstenite",
 "edgerun-tokio-util",
 "edgerun-tungstenite",
 "edgerun-url",
 "edgerun-wiremock",
]

[[package]]
name = "codex-app-server-protocol"
version = "0.0.0"
dependencies = [
 "codex-protocol",
 "codex-shell-command",
 "edgerun-error",
 "edgerun-inventory",
 "edgerun-json",
 "edgerun-log",
 "edgerun-rmcp",
 "edgerun-schemars",
 "edgerun-serde",
 "edgerun-similar",
 "edgerun-strum-macros",
 "edgerun-ts-rs",
]

[[package]]
name = "codex-apply-patch"
version = "0.0.0"
dependencies = [
 "edgerun-assert-cmd",
 "edgerun-assert-matches",
 "edgerun-async-trait",
 "edgerun-codex-utils-absolute-path",
 "edgerun-codex-utils-cargo-bin",
 "edgerun-error",
 "edgerun-pretty-assertions",
 "edgerun-similar",
 "edgerun-tempfile",
 "edgerun-tokio",
]

[[package]]
name = "codex-client"
version = "0.0.0"
dependencies = [
 "edgerun-async-trait",
 "edgerun-bytes",
 "edgerun-codex-utils-cargo-bin",
 "edgerun-encoding",
 "edgerun-error",
 "edgerun-eventsource-stream",
 "edgerun-futures",
 "edgerun-http",
 "edgerun-http-client",
 "edgerun-json",
 "edgerun-log",
 "edgerun-pretty-assertions",
 "edgerun-random",
 "edgerun-reqwest",
 "edgerun-tempfile",
 "edgerun-tokio",
]

[[package]]
name = "codex-code-mode"
version = "0.0.0"
dependencies = [
 "codex-protocol",
 "edgerun-async-channel",
 "edgerun-async-trait",
 "edgerun-json",
 "edgerun-log",
 "edgerun-tokio",
 "edgerun-tokio-util",
]

[[package]]
name = "codex-core"
version = "0.0.0"
dependencies = [
 "codex-api",
 "codex-apply-patch",
 "codex-client",
 "codex-model-provider",
 "codex-model-provider-info",
 "codex-models-manager",
 "codex-protocol",
 "codex-shell-command",
 "codex-tools",
 "edgerun-async-trait",
 "edgerun-bytes",
 "edgerun-futures",
 "edgerun-http",
 "edgerun-json",
 "edgerun-tokio",
]

[[package]]
name = "codex-host"
version = "0.0.0"
dependencies = [
 "codex-core",
 "edgerun-crypto",
 "edgerun-http",
 "edgerun-json",
 "edgerun-tokio",
 "edgerun-work",
]

[[package]]
name = "codex-model-provider"
version = "0.0.0"
dependencies = [
 "codex-api",
 "codex-client",
 "codex-model-provider-info",
 "codex-models-manager",
 "codex-protocol",
 "codex-response-debug-context",
 "edgerun-async-trait",
 "edgerun-http",
 "edgerun-json",
 "edgerun-log",
 "edgerun-tokio",
]

[[package]]
name = "codex-model-provider-info"
version = "0.0.0"
dependencies = [
 "codex-api",
 "codex-app-server-protocol",
 "codex-protocol",
 "edgerun-http",
 "edgerun-schemars",
 "edgerun-serde",
]

[[package]]
name = "codex-models-manager"
version = "0.0.0"
dependencies = [
 "codex-app-server-protocol",
 "codex-protocol",
 "edgerun-async-trait",
 "edgerun-json",
 "edgerun-log",
 "edgerun-time",
 "edgerun-tokio",
]

[[package]]
name = "codex-protocol"
version = "0.0.0"
dependencies = [
 "edgerun-anyhow",
 "edgerun-encoding",
 "edgerun-error",
 "edgerun-http",
 "edgerun-json",
 "edgerun-landlock",
 "edgerun-locale",
 "edgerun-log",
 "edgerun-pretty-assertions",
 "edgerun-schemars",
 "edgerun-seccompiler",
 "edgerun-serde",
 "edgerun-strum",
 "edgerun-strum-macros",
 "edgerun-tempfile",
 "edgerun-time",
 "edgerun-tokio",
 "edgerun-ts-rs",
]

[[package]]
name = "codex-response-debug-context"
version = "0.0.0"
dependencies = [
 "codex-api",
 "edgerun-encoding",
 "edgerun-http",
 "edgerun-json",
]

[[package]]
name = "codex-shell-command"
version = "0.0.0"
dependencies = [
 "codex-protocol",
 "edgerun-encoding",
 "edgerun-json",
 "edgerun-shlex",
 "edgerun-url",
]

[[package]]
name = "codex-tools"
version = "0.0.0"
dependencies = [
 "codex-app-server-protocol",
 "codex-code-mode",
 "codex-protocol",
 "edgerun-json",
 "edgerun-log",
 "edgerun-rmcp",
]

[[package]]
name = "codex-tui"
version = "0.0.0"
dependencies = [
 "codex-core",
 "edgerun-http",
 "edgerun-json",
 "edgerun-tokio",
]

[[package]]
name = "edgerun-anyhow"
version = "0.1.1"

[[package]]
name = "edgerun-assert-cmd"
version = "0.1.1"

[[package]]
name = "edgerun-assert-matches"
version = "0.1.1"

[[package]]
name = "edgerun-async-channel"
version = "0.1.1"
dependencies = [
 "edgerun-tokio",
]

[[package]]
name = "edgerun-async-trait"
version = "0.1.1"

[[package]]
name = "edgerun-bytes"
version = "0.1.1"

[[package]]
name = "edgerun-codex-utils-absolute-path"
version = "0.1.1"

[[package]]
name = "edgerun-codex-utils-cargo-bin"
version = "0.1.1"

[[package]]
name = "edgerun-crypto"
version = "0.1.1"
dependencies = [
 "edgerun-encoding",
]

[[package]]
name = "edgerun-encoding"
version = "0.1.1"

[[package]]
name = "edgerun-error"
version = "0.1.1"
dependencies = [
 "edgerun-error-derive",
]

[[package]]
name = "edgerun-error-derive"
version = "0.1.1"

[[package]]
name = "edgerun-eventsource-stream"
version = "0.1.1"
dependencies = [
 "edgerun-futures",
]

[[package]]
name = "edgerun-fontdue"
version = "0.1.1"

[[package]]
name = "edgerun-frontend-native"
version = "0.0.0"
dependencies = [
 "edgerun-ui-core",
]

[[package]]
name = "edgerun-frontend-web"
version = "0.0.0"
dependencies = [
 "edgerun-ui-core",
]

[[package]]
name = "edgerun-futures"
version = "0.1.1"

[[package]]
name = "edgerun-hpack"
version = "0.1.1"
dependencies = [
 "edgerun-log",
]

[[package]]
name = "edgerun-http"
version = "0.1.1"

[[package]]
name = "edgerun-http-client"
version = "0.1.1"
dependencies = [
 "edgerun-crypto",
 "edgerun-encoding",
 "edgerun-hpack",
 "edgerun-log",
 "edgerun-platform",
 "edgerun-protocols",
 "edgerun-runtime",
]

[[package]]
name = "edgerun-inventory"
version = "0.1.1"

[[package]]
name = "edgerun-json"
version = "0.1.1"
dependencies = [
 "edgerun-json-derive",
 "edgerun-schemars",
 "edgerun-serde",
 "edgerun-ts-rs",
]

[[package]]
name = "edgerun-json-derive"
version = "0.1.1"

[[package]]
name = "edgerun-landlock"
version = "0.1.1"

[[package]]
name = "edgerun-locale"
version = "0.1.1"

[[package]]
name = "edgerun-log"
version = "0.1.1"
dependencies = [
 "edgerun-log-macros",
]

[[package]]
name = "edgerun-log-macros"
version = "0.1.1"

[[package]]
name = "edgerun-platform"
version = "0.1.0"

[[package]]
name = "edgerun-pretty-assertions"
version = "0.1.1"

[[package]]
name = "edgerun-protocols"
version = "0.1.1"
dependencies = [
 "edgerun-crypto",
 "edgerun-encoding",
 "edgerun-hpack",
]

[[package]]
name = "edgerun-random"
version = "0.1.1"

[[package]]
name = "edgerun-reqwest"
version = "0.1.1"
dependencies = [
 "edgerun-bytes",
 "edgerun-encoding",
 "edgerun-futures",
 "edgerun-http",
 "edgerun-http-client",
 "edgerun-json",
 "edgerun-url",
]

[[package]]
name = "edgerun-rmcp"
version = "0.1.1"
dependencies = [
 "edgerun-json",
 "edgerun-serde",
]

[[package]]
name = "edgerun-runtime"
version = "0.1.1"
dependencies = [
 "edgerun-log",
 "edgerun-platform",
]

[[package]]
name = "edgerun-schemars"
version = "0.1.1"
dependencies = [
 "edgerun-schemars-derive",
]

[[package]]
name = "edgerun-schemars-derive"
version = "0.1.1"

[[package]]
name = "edgerun-seccompiler"
version = "0.1.1"

[[package]]
name = "edgerun-serde"
version = "0.1.1"
dependencies = [
 "serde",
]

[[package]]
name = "edgerun-shlex"
version = "0.1.1"

[[package]]
name = "edgerun-similar"
version = "0.1.1"

[[package]]
name = "edgerun-strum"
version = "0.1.1"

[[package]]
name = "edgerun-strum-macros"
version = "0.1.1"

[[package]]
name = "edgerun-tempfile"
version = "0.1.1"
dependencies = [
 "edgerun-random",
]

[[package]]
name = "edgerun-time"
version = "0.1.1"
dependencies = [
 "edgerun-encoding",
]

[[package]]
name = "edgerun-tokio"
version = "0.1.1"
dependencies = [
 "edgerun-futures",
 "edgerun-runtime",
 "edgerun-tokio-macros",
]

[[package]]
name = "edgerun-tokio-macros"
version = "0.1.1"

[[package]]
name = "edgerun-tokio-test"
version = "0.1.1"

[[package]]
name = "edgerun-tokio-tungstenite"
version = "0.1.1"
dependencies = [
 "edgerun-futures",
 "edgerun-tokio",
 "edgerun-tungstenite",
]

[[package]]
name = "edgerun-tokio-util"
version = "0.1.1"
dependencies = [
 "edgerun-bytes",
 "edgerun-futures",
 "edgerun-tokio",
]

[[package]]
name = "edgerun-ts-rs"
version = "0.1.1"
dependencies = [
 "edgerun-error",
 "edgerun-ts-rs-derive",
]

[[package]]
name = "edgerun-ts-rs-derive"
version = "0.1.1"

[[package]]
name = "edgerun-tungstenite"
version = "0.1.1"
dependencies = [
 "edgerun-bytes",
 "edgerun-crypto",
 "edgerun-encoding",
 "edgerun-http",
 "edgerun-random",
]

[[package]]
name = "edgerun-ui-core"
version = "0.1.1"
dependencies = [
 "edgerun-fontdue",
]

[[package]]
name = "edgerun-url"
version = "0.1.1"
dependencies = [
 "edgerun-json",
]

[[package]]
name = "edgerun-wire"
version = "0.1.1"
dependencies = [
 "edgerun-crypto",
 "rkyv",
]

[[package]]
name = "edgerun-wiremock"
version = "0.1.1"
dependencies = [
 "edgerun-http",
 "edgerun-json",
 "edgerun-serde",
]

[[package]]
name = "edgerun-work"
version = "0.1.1"
dependencies = [
 "edgerun-crypto",
 "edgerun-protocols",
 "edgerun-wire",
 "rkyv",
]

[[package]]
name = "hashbrown"
version = "0.17.1"
source = "registry+https://github.com/rust-lang/crates.io-index"
checksum = "ed5909b6e89a2db4456e54cd5f673791d7eca6732202bbf2a9cc504fe2f9b84a"

[[package]]
name = "munge"
version = "0.4.7"
source = "registry+https://github.com/rust-lang/crates.io-index"
checksum = "5e17401f259eba956ca16491461b6e8f72913a0a114e39736ce404410f915a0c"
dependencies = [
 "munge_macro",
]

[[package]]
name = "munge_macro"
version = "0.4.7"
source = "registry+https://github.com/rust-lang/crates.io-index"
checksum = "4568f25ccbd45ab5d5603dc34318c1ec56b117531781260002151b8530a9f931"
dependencies = [
 "proc-macro2",
 "quote",
 "syn",
]

[[package]]
name = "proc-macro2"
version = "1.0.106"
source = "registry+https://github.com/rust-lang/crates.io-index"
checksum = "8fd00f0bb2e90d81d1044c2b32617f68fcb9fa3bb7640c23e9c748e53fb30934"
dependencies = [
 "unicode-ident",
]

[[package]]
name = "ptr_meta"
version = "0.3.1"
dependencies = [
 "ptr_meta_derive",
]

[[package]]
name = "ptr_meta_derive"
version = "0.3.1"
dependencies = [
 "proc-macro2",
 "quote",
 "syn",
]

[[package]]
name = "quote"
version = "1.0.45"
source = "registry+https://github.com/rust-lang/crates.io-index"
checksum = "41f2619966050689382d2b44f664f4bc593e129785a36d6ee376ddf37259b924"
dependencies = [
 "proc-macro2",
]

[[package]]
name = "rancor"
version = "0.1.1"
dependencies = [
 "ptr_meta",
]

[[package]]
name = "rend"
version = "0.5.3"
dependencies = [
 "bytecheck",
]

[[package]]
name = "rkyv"
version = "0.8.16"
source = "registry+https://github.com/rust-lang/crates.io-index"
checksum = "73389e0c99e664f919275ab5b5b0471391fe9a8de61e1dff9b1eaf56a90f16e3"
dependencies = [
 "bytecheck",
 "hashbrown",
 "munge",
 "ptr_meta",
 "rancor",
 "rend",
 "rkyv_derive",
 "tinyvec",
]

[[package]]
name = "rkyv_derive"
version = "0.8.16"
source = "registry+https://github.com/rust-lang/crates.io-index"
checksum = "5d2ed0b54125315fb36bd021e82d314d1c126548f871634b483f46b31d13cac6"
dependencies = [
 "proc-macro2",
 "quote",
 "syn",
]

[[package]]
name = "serde"
version = "1.0.228"
source = "registry+https://github.com/rust-lang/crates.io-index"
checksum = "9a8e94ea7f378bd32cbbd37198a4a91436180c5bb472411e48b5ec2e2124ae9e"
dependencies = [
 "serde_core",
 "serde_derive",
]

[[package]]
name = "serde_core"
version = "1.0.228"
source = "registry+https://github.com/rust-lang/crates.io-index"
checksum = "41d385c7d4ca58e59fc732af25c3983b67ac852c1a25000afe1175de458b67ad"
dependencies = [
 "serde_derive",
]

[[package]]
name = "serde_derive"
version = "1.0.228"
source = "registry+https://github.com/rust-lang/crates.io-index"
checksum = "d540f220d3187173da220f885ab66608367b6574e925011a9353e4badda91d79"
dependencies = [
 "proc-macro2",
 "quote",
 "syn",
]

[[package]]
name = "syn"
version = "2.0.117"
source = "registry+https://github.com/rust-lang/crates.io-index"
checksum = "e665b8803e7b1d2a727f4023456bbbbe74da67099c585258af0ad9c5013b9b99"
dependencies = [
 "proc-macro2",
 "quote",
 "unicode-ident",
]

[[package]]
name = "tinyvec"
version = "1.11.0"
dependencies = [
 "tinyvec_macros",
]

[[package]]
name = "tinyvec_macros"
version = "0.1.1"

[[package]]
name = "unicode-ident"
version = "1.0.24"
source = "registry+https://github.com/rust-lang/crates.io-index"
checksum = "e6e4313cd5fcd3dad5cafa179702e2b244f760991f45397d14d4ebf38247da75"
