# This file is automatically @generated by Cargo.
# It is not intended for manual editing.
version = 4

[[package]]
name = "edgerun-crypto"
version = "0.1.1"
dependencies = [
 "edgerun-encoding",
]

[[package]]
name = "edgerun-encoding"
version = "0.1.1"

[[package]]
name = "edgerun-json"
version = "0.1.1"

[[package]]
name = "edgerun-log"
version = "0.1.1"

[[package]]
name = "edgerun-node"
version = "0.1.1"
dependencies = [
 "edgerun-crypto",
 "edgerun-encoding",
 "edgerun-json",
 "edgerun-log",
 "edgerun-platform",
 "edgerun-protocols",
]

[[package]]
name = "edgerun-platform"
version = "0.1.0"
dependencies = [
 "edgerun-protocols",
]

[[package]]
name = "edgerun-protocols"
version = "0.1.1"
dependencies = [
 "edgerun-encoding",
]

[[package]]
name = "edgerun-tpm"
version = "0.1.1"
dependencies = [
 "edgerun-crypto",
 "edgerun-encoding",
]

[[package]]
name = "edgerun-unikernel"
version = "0.1.0"
dependencies = [
 "edgerun-node",
 "edgerun-platform",
 "edgerun-protocols",
 "edgerun-tpm",
 "edgerun-virtio",
]

[[package]]
name = "edgerun-virtio"
version = "0.1.0"
