# This file is automatically @generated by Cargo.
# It is not intended for manual editing.
version = 4

[[package]]
name = "edgerun-sdk-unit-utf8-rfc3629"
version = "0.1.1"
dependencies = [
 "edgerun-unit",
]

[[package]]
name = "edgerun-unit"
version = "0.1.1"
dependencies = [
 "edgerun-unit-macros",
]

[[package]]
name = "edgerun-unit-macros"
version = "0.1.1"
